# THIS IS AN AUTOGENERATED FILE. DO NOT EDIT THIS FILE DIRECTLY.
# yarn lockfile v1


"@babel/code-frame@^7.10.4", "@babel/code-frame@^7.16.7":
  version "7.16.7"
  resolved "https://uxp-yum.corp.amdocs.com/nexus3/repository/npm-all/@babel/code-frame/-/code-frame-7.16.7.tgz#44416b6bd7624b998f5b1af5d470856c40138789"
  integrity sha512-iAXqUn8IIeBTNd72xsFlgaXHkMBMt6y4HJp1tIaK465CWLT/fG1aqB7ykr95gHHmlBdGbFeWWfyB4NJJ0nmeIg==
  dependencies:
    "@babel/highlight" "^7.16.7"

"@babel/helper-validator-identifier@^7.16.7":
  version "7.16.7"
  resolved "https://uxp-yum.corp.amdocs.com/nexus3/repository/npm-all/@babel/helper-validator-identifier/-/helper-validator-identifier-7.16.7.tgz#e8c602438c4a8195751243da9031d1607d247cad"
  integrity sha512-hsEnFemeiW4D08A5gUAZxLBTXpZ39P+a+DGDsHw1yxqyQ/jzFEnxf5uTEGp+3bzAbNOxU1paTgYS4ECU/IgfDw==

"@babel/highlight@^7.16.7":
  version "7.17.9"
  resolved "https://uxp-yum.corp.amdocs.com/nexus3/repository/npm-all/@babel/highlight/-/highlight-7.17.9.tgz#61b2ee7f32ea0454612def4fccdae0de232b73e3"
  integrity sha512-J9PfEKCbFIv2X5bjTMiZu6Vf341N05QIY+d6FvVKynkG1S7G0j3I0QoRtWIrXhZ+/Nlb5Q0MzqL7TokEJ5BNHg==
  dependencies:
    "@babel/helper-validator-identifier" "^7.16.7"
    chalk "^2.0.0"
    js-tokens "^4.0.0"

"@plusauth/plusauth-oidc-client-js@^0.12.0":
  version "0.12.0"
  resolved "https://uxp-yum.corp.amdocs.com/nexus3/repository/npm-all/@plusauth/plusauth-oidc-client-js/-/plusauth-oidc-client-js-0.12.0.tgz#8249ff7ae4f1422900e6315635181779e32b3ccd"
  integrity sha512-4/LOCl/fEhjfCfQ80K3zvEhfYqF28T8ibf8usJfm63GXe6fRT+S4YWL2cYfV9WpAlSRq0oT9h3bL1+7Hpm0Rxw==
  dependencies:
    base64-js "^1.5.1"
    isomorphic-unfetch "^3.1.0"

"@rollup/plugin-commonjs@^22.0.0":
  version "22.0.0"
  resolved "https://uxp-yum.corp.amdocs.com/nexus3/repository/npm-all/@rollup/plugin-commonjs/-/plugin-commonjs-22.0.0.tgz#f4d87016e2fbf187a593ab9f46626fe05b59e8bd"
  integrity sha512-Ktvf2j+bAO+30awhbYoCaXpBcyPmJbaEUYClQns/+6SNCYFURbvBiNbWgHITEsIgDDWCDUclWRKEuf8cwZCFoQ==
  dependencies:
    "@rollup/pluginutils" "^3.1.0"
    commondir "^1.0.1"
    estree-walker "^2.0.1"
    glob "^7.1.6"
    is-reference "^1.2.1"
    magic-string "^0.25.7"
    resolve "^1.17.0"

"@rollup/plugin-json@^4.1.0":
  version "4.1.0"
  resolved "https://uxp-yum.corp.amdocs.com/nexus3/repository/npm-all/@rollup/plugin-json/-/plugin-json-4.1.0.tgz#54e09867ae6963c593844d8bd7a9c718294496f3"
  integrity sha512-yfLbTdNS6amI/2OpmbiBoW12vngr5NW2jCJVZSBEz+H5KfUJZ2M7sDjk0U6GOOdCWFVScShte29o9NezJ53TPw==
  dependencies:
    "@rollup/pluginutils" "^3.0.8"

"@rollup/plugin-node-resolve@^13.2.1":
  version "13.2.1"
  resolved "https://uxp-yum.corp.amdocs.com/nexus3/repository/npm-all/@rollup/plugin-node-resolve/-/plugin-node-resolve-13.2.1.tgz#cdee815cf02c180ff0a42536ca67a8f67e299f84"
  integrity sha512-btX7kzGvp1JwShQI9V6IM841YKNPYjKCvUbNrQ2EcVYbULtUd/GH6wZ/qdqH13j9pOHBER+EZXNN2L8RSJhVRA==
  dependencies:
    "@rollup/pluginutils" "^3.1.0"
    "@types/resolve" "1.17.1"
    builtin-modules "^3.1.0"
    deepmerge "^4.2.2"
    is-module "^1.0.0"
    resolve "^1.19.0"

"@rollup/plugin-typescript@^8.3.2":
  version "8.3.2"
  resolved "https://uxp-yum.corp.amdocs.com/nexus3/repository/npm-all/@rollup/plugin-typescript/-/plugin-typescript-8.3.2.tgz#e1b719e2ed3e752bbc092001656c48378f2d15f0"
  integrity sha512-MtgyR5LNHZr3GyN0tM7gNO9D0CS+Y+vflS4v/PHmrX17JCkHUYKvQ5jN5o3cz1YKllM3duXUqu3yOHwMPUxhDg==
  dependencies:
    "@rollup/pluginutils" "^3.1.0"
    resolve "^1.17.0"

"@rollup/pluginutils@^3.0.8", "@rollup/pluginutils@^3.1.0":
  version "3.1.0"
  resolved "https://uxp-yum.corp.amdocs.com/nexus3/repository/npm-all/@rollup/pluginutils/-/pluginutils-3.1.0.tgz#706b4524ee6dc8b103b3c995533e5ad680c02b9b"
  integrity sha512-GksZ6pr6TpIjHm8h9lSQ8pi8BE9VeubNT0OMJ3B5uZJ8pz73NPiqOtCog/x2/QzM1ENChPKxMDhiQuRHsqc+lg==
  dependencies:
    "@types/estree" "0.0.39"
    estree-walker "^1.0.1"
    picomatch "^2.2.2"

"@types/estree@*":
  version "0.0.51"
  resolved "https://uxp-yum.corp.amdocs.com/nexus3/repository/npm-all/@types/estree/-/estree-0.0.51.tgz#cfd70924a25a3fd32b218e5e420e6897e1ac4f40"
  integrity sha512-CuPgU6f3eT/XgKKPqKd/gLZV1Xmvf1a2R5POBOGQa6uv82xpls89HU5zKeVoyR8XzHd1RGNOlQlvUe3CFkjWNQ==

"@types/estree@0.0.39":
  version "0.0.39"
  resolved "https://uxp-yum.corp.amdocs.com/nexus3/repository/npm-all/@types/estree/-/estree-0.0.39.tgz#e177e699ee1b8c22d23174caaa7422644389509f"
  integrity sha512-EYNwp3bU+98cpU4lAWYYL7Zz+2gryWH1qbdDTidVd6hkiR6weksdbMadyXKXNPEkQFhXM+hVO9ZygomHXp+AIw==

"@types/node@*":
  version "17.0.30"
  resolved "https://uxp-yum.corp.amdocs.com/nexus3/repository/npm-all/@types/node/-/node-17.0.30.tgz#2c6e8512acac70815e8176aa30c38025067880ef"
  integrity sha512-oNBIZjIqyHYP8VCNAV9uEytXVeXG2oR0w9lgAXro20eugRQfY002qr3CUl6BAe+Yf/z3CRjPdz27Pu6WWtuSRw==

"@types/node@^17.0.18":
  version "17.0.29"
  resolved "https://uxp-yum.corp.amdocs.com/nexus3/repository/npm-all/@types/node/-/node-17.0.29.tgz#7f2e1159231d4a077bb660edab0fde373e375a3d"
  integrity sha512-tx5jMmMFwx7wBwq/V7OohKDVb/JwJU5qCVkeLMh1//xycAJ/ESuw9aJ9SEtlCZDYi2pBfe4JkisSoAtbOsBNAA==

"@types/prop-types@*":
  version "15.7.5"
  resolved "https://uxp-yum.corp.amdocs.com/nexus3/repository/npm-all/@types/prop-types/-/prop-types-15.7.5.tgz#5f19d2b85a98e9558036f6a3cacc8819420f05cf"
  integrity sha512-JCB8C6SnDoQf0cNycqd/35A7MjcnK+ZTqE7judS6o7utxUCg6imJg3QK2qzHKszlTjcj2cn+NwMB2i96ubpj7w==

"@types/react@^17.0.33":
  version "17.0.44"
  resolved "https://uxp-yum.corp.amdocs.com/nexus3/repository/npm-all/@types/react/-/react-17.0.44.tgz#c3714bd34dd551ab20b8015d9d0dbec812a51ec7"
  integrity sha512-Ye0nlw09GeMp2Suh8qoOv0odfgCoowfM/9MG6WeRD60Gq9wS90bdkdRtYbRkNhXOpG4H+YXGvj4wOWhAC0LJ1g==
  dependencies:
    "@types/prop-types" "*"
    "@types/scheduler" "*"
    csstype "^3.0.2"

"@types/resolve@1.17.1":
  version "1.17.1"
  resolved "https://uxp-yum.corp.amdocs.com/nexus3/repository/npm-all/@types/resolve/-/resolve-1.17.1.tgz#3afd6ad8967c77e4376c598a82ddd58f46ec45d6"
  integrity sha512-yy7HuzQhj0dhGpD8RLXSZWEkLsV9ibvxvi6EiJ3bkqLAO1RGo0WbkWQiwpRlSFymTJRz0d3k5LM3kkx8ArDbLw==
  dependencies:
    "@types/node" "*"

"@types/scheduler@*":
  version "0.16.2"
  resolved "https://uxp-yum.corp.amdocs.com/nexus3/repository/npm-all/@types/scheduler/-/scheduler-0.16.2.tgz#1a62f89525723dde24ba1b01b092bf5df8ad4d39"
  integrity sha512-hppQEBDmlwhFAXKJX2KnWLYu5yMfi91yazPb2l+lbJiwW+wdo1gNeRA+3RgNSO39WYX2euey41KEwnqesU2Jew==

acorn@^8.5.0:
  version "8.7.1"
  resolved "https://uxp-yum.corp.amdocs.com/nexus3/repository/npm-all/acorn/-/acorn-8.7.1.tgz#0197122c843d1bf6d0a5e83220a788f278f63c30"
  integrity sha512-Xx54uLJQZ19lKygFXOWsscKUbsBZW0CPykPhVQdhIeIwrbPmJzqeASDInc8nKBnp/JT6igTs82qPXz069H8I/A==

ansi-styles@^3.2.1:
  version "3.2.1"
  resolved "https://uxp-yum.corp.amdocs.com/nexus3/repository/npm-all/ansi-styles/-/ansi-styles-3.2.1.tgz#2c503853650701007c6f97cc397b3ecbed06819c"
  integrity sha512-jPikwEoFgShBWT9j7i+s8PivAmo78ppcfFobweVQIvl2pgP+/4qvAWCuOHiuHf9SfutTrKQdos5CmJm3pUanUw==
  dependencies:
    color-convert "^1.9.0"

balanced-match@^1.0.0:
  version "1.0.2"
  resolved "https://uxp-yum.corp.amdocs.com/nexus3/repository/npm-all/balanced-match/-/balanced-match-1.0.2.tgz#e83e3a7e3f300b34cb9d87f615fa0cbf357690ee"
  integrity sha512-3oSeUO0TMV67hN1AmbXsK4yaqU7tjiHlbxRDZOpH0KW9+CeX4bRAaX0Anxt0tx2MrpRpWwQaPwIlISEJhYU5Pw==

base64-js@^1.5.1:
  version "1.5.1"
  resolved "https://uxp-yum.corp.amdocs.com/nexus3/repository/npm-all/base64-js/-/base64-js-1.5.1.tgz#1b1b440160a5bf7ad40b650f095963481903930a"
  integrity sha512-AKpaYlHn8t4SVbOHCy+b5+KKgvR4vrsD8vbvrbiQJps7fKDTkjkDry6ji0rUJjC0kzbNePLwzxq8iypo41qeWA==

brace-expansion@^1.1.7:
  version "1.1.11"
  resolved "https://uxp-yum.corp.amdocs.com/nexus3/repository/npm-all/brace-expansion/-/brace-expansion-1.1.11.tgz#278741fc4707fecbeaeadcb4f18fa1728723b6e3"
  integrity sha512-zP0Vm6Vdk2vnC66oxkhF+YtMV4KA+6jtl5iHY/oh3Qbe8gqozq+pMQ9pcyCn+aFiPvbERRjJpK0UHqqrap9VyQ==
  dependencies:
    balanced-match "^1.0.0"
    concat-map "0.0.1"

buffer-from@^1.0.0:
  version "1.1.2"
  resolved "https://uxp-yum.corp.amdocs.com/nexus3/repository/npm-all/buffer-from/-/buffer-from-1.1.2.tgz#2b146a6fd72e80b4f55d255f35ed59a3a9a41bd5"
  integrity sha512-E+XQCRwSbaaiChtv6k6Dwgc+bx+Bs6vuKJHHl5kox/BaKbhiXzqQOwK4cO22yElGp2OCmjwVhT3HmxgyPGnJfQ==

builtin-modules@^3.1.0:
  version "3.2.0"
  resolved "https://uxp-yum.corp.amdocs.com/nexus3/repository/npm-all/builtin-modules/-/builtin-modules-3.2.0.tgz#45d5db99e7ee5e6bc4f362e008bf917ab5049887"
  integrity sha512-lGzLKcioL90C7wMczpkY0n/oART3MbBa8R9OFGE1rJxoVI86u4WAGfEk8Wjv10eKSyTHVGkSo3bvBylCEtk7LA==

chalk@^2.0.0:
  version "2.4.2"
  resolved "https://uxp-yum.corp.amdocs.com/nexus3/repository/npm-all/chalk/-/chalk-2.4.2.tgz#cd42541677a54333cf541a49108c1432b44c9424"
  integrity sha512-Mti+f9lpJNcwF4tWV8/OrTTtF1gZi+f8FqlyAdouralcFWFQWF2+NgCHShjkCb+IFBLq9buZwE1xckQU4peSuQ==
  dependencies:
    ansi-styles "^3.2.1"
    escape-string-regexp "^1.0.5"
    supports-color "^5.3.0"

color-convert@^1.9.0:
  version "1.9.3"
  resolved "https://uxp-yum.corp.amdocs.com/nexus3/repository/npm-all/color-convert/-/color-convert-1.9.3.tgz#bb71850690e1f136567de629d2d5471deda4c1e8"
  integrity sha512-QfAUtd+vFdAtFQcC8CCyYt1fYWxSqAiK2cSD6zDB8N3cpsEBAvRxp9zOGg6G/SHHJYAT88/az/IuDGALsNVbGg==
  dependencies:
    color-name "1.1.3"

color-name@1.1.3:
  version "1.1.3"
  resolved "https://uxp-yum.corp.amdocs.com/nexus3/repository/npm-all/color-name/-/color-name-1.1.3.tgz#c43f4d8ad62e8008e5af9c641532b858fa8d08e8"
  integrity sha512-hE0XmrSTUg7Y68QPB514uDSRAvTf5fE9jsebsPqi7XhGhxbTx/rju2knK/c13vM/pQVNoJVe2jrd1Buygzxl6A==

commander@^2.20.0:
  version "2.20.3"
  resolved "https://uxp-yum.corp.amdocs.com/nexus3/repository/npm-all/commander/-/commander-2.20.3.tgz#fd485e84c03eb4881c20722ba48035e8531aeb33"
  integrity sha512-GpVkmM8vF2vQUkj2LvZmD35JxeJOLCwJ9cUkugyk2nuhbv3+mJvpLYYt+0+USMxE+oj+ey/lJEnhZw75x/OMcQ==

commondir@^1.0.1:
  version "1.0.1"
  resolved "https://uxp-yum.corp.amdocs.com/nexus3/repository/npm-all/commondir/-/commondir-1.0.1.tgz#6760c6bdfa911c51e94df7c5b52e889049072e04"
  integrity sha512-vT6FSjZPIIgQVZmPyiOT/L/4xZG6WXiohHtevK/ECHih7QhbjQ+d43ErSuU2Z4UyzANclnIbWzWdJl6PTxFyOw==

concat-map@0.0.1:
  version "0.0.1"
  resolved "https://uxp-yum.corp.amdocs.com/nexus3/repository/npm-all/concat-map/-/concat-map-0.0.1.tgz#18d3c77c1e7ad3ab195a483e2213406eda442acf"
  integrity sha512-f9dOGguQI8UoIc/PTJa4hTCH6SXVoEgsf806x46QSXGqsqxV+UoIiNyGFxiEjHh3+mHA0zIg2OBMZOJMzPz98w==

csstype@^3.0.2:
  version "3.0.11"
  resolved "https://uxp-yum.corp.amdocs.com/nexus3/repository/npm-all/csstype/-/csstype-3.0.11.tgz#d66700c5eacfac1940deb4e3ee5642792d85cd33"
  integrity sha512-sa6P2wJ+CAbgyy4KFssIb/JNMLxFvKF1pCYCSXS8ZMuqZnMsrxqI2E5sPyoTpxoPU/gVZMzr2zjOfg8GIZOMsw==

deepmerge@^4.2.2:
  version "4.2.2"
  resolved "https://uxp-yum.corp.amdocs.com/nexus3/repository/npm-all/deepmerge/-/deepmerge-4.2.2.tgz#44d2ea3679b8f4d4ffba33f03d865fc1e7bf4955"
  integrity sha512-FJ3UgI4gIl+PHZm53knsuSFpE+nESMr7M4v9QcgB7S63Kj/6WqMiFQJpBBYz1Pt+66bZpP3Q7Lye0Oo9MPKEdg==

escape-string-regexp@^1.0.5:
  version "1.0.5"
  resolved "https://uxp-yum.corp.amdocs.com/nexus3/repository/npm-all/escape-string-regexp/-/escape-string-regexp-1.0.5.tgz#f15e63c0bde4f76edad6545162f46db089a585b3"
  integrity sha512-C+jGfQe4l30Pys3PlMHd7M6ZP3n3CvVl6Dz8XBgaaBgwBe9bpZsTRNkY4UWd5Ds+mnEYET46HG+0nlyi4M1E9A==

estree-walker@^1.0.1:
  version "1.0.1"
  resolved "https://uxp-yum.corp.amdocs.com/nexus3/repository/npm-all/estree-walker/-/estree-walker-1.0.1.tgz#31bc5d612c96b704106b477e6dd5d8aa138cb700"
  integrity sha512-1fMXF3YP4pZZVozF8j/ZLfvnR8NSIljt56UhbZ5PeeDmmGHpgpdwQt7ITlGvYaQukCvuBRMLEiKiYC+oeIg4cg==

estree-walker@^2.0.1:
  version "2.0.2"
  resolved "https://uxp-yum.corp.amdocs.com/nexus3/repository/npm-all/estree-walker/-/estree-walker-2.0.2.tgz#52f010178c2a4c117a7757cfe942adb7d2da4cac"
  integrity sha512-Rfkk/Mp/DL7JVje3u18FxFujQlTNR2q6QfMSMB7AvCBx91NGj/ba3kCfza0f6dVDbw7YlRf/nDrn7pQrCCyQ/w==

fs.realpath@^1.0.0:
  version "1.0.0"
  resolved "https://uxp-yum.corp.amdocs.com/nexus3/repository/npm-all/fs.realpath/-/fs.realpath-1.0.0.tgz#dbf654441e79d4139da6047f706c395d034e7eb6"
  integrity sha512-jLLw/1fb+N6ZmBqnR+ArW8Z2TuZiNC1nPxuclS47lp7kLKIX38wGOvnr9tri/tGN6qBJ/VckXg/s56ykzmgbvQ==

fsevents@~2.3.2:
  version "2.3.2"
  resolved "https://uxp-yum.corp.amdocs.com/nexus3/repository/npm-all/fsevents/-/fsevents-2.3.2.tgz#8a526f78b8fdf4623b709e0b975c52c24c02fd1a"
  integrity sha512-xiqMQR4xAeHTuB9uWm+fFRcIOgKBMiOBP+eXiyT7jsgVCq1bkVygt00oASowB7EdtpOHaaPgKt812P9ab+DDKA==

function-bind@^1.1.1:
  version "1.1.1"
  resolved "https://uxp-yum.corp.amdocs.com/nexus3/repository/npm-all/function-bind/-/function-bind-1.1.1.tgz#f69f64e1b1e68c87b817f259e31aaed6a4bcde3d"
  integrity sha512-EuzkuRdRxI73nryaVTdqgUFUajKxyBkcnMPRe7Fk7xfaKGKmYMX7prfMtQ4xMOPU8XakhuAcQ1dJdFbMeAkN6g==

glob@^7.1.6:
  version "7.2.0"
  resolved "https://uxp-yum.corp.amdocs.com/nexus3/repository/npm-all/glob/-/glob-7.2.0.tgz#d15535af7732e02e948f4c41628bd910293f6023"
  integrity sha512-lmLf6gtyrPq8tTjSmrO94wBeQbFR3HbLHbuyD69wuyQkImp2hWqMGB47OX65FBkPffO641IP9jWa1z4ivqG26Q==
  dependencies:
    fs.realpath "^1.0.0"
    inflight "^1.0.4"
    inherits "2"
    minimatch "^3.0.4"
    once "^1.3.0"
    path-is-absolute "^1.0.0"

has-flag@^3.0.0:
  version "3.0.0"
  resolved "https://uxp-yum.corp.amdocs.com/nexus3/repository/npm-all/has-flag/-/has-flag-3.0.0.tgz#e7a35f480e4b2ec82a3b7ec264d5f9fda332689d"
  integrity sha512-l7duPy5jKDhTcqd1NKg/tarY6zyvyY82Zd6ntAa/EZ6wdqLwaOJD+8eTCzL94Lo4bHdJKaV8kQG9fWjzpyWC/Q==

has-flag@^4.0.0:
  version "4.0.0"
  resolved "https://uxp-yum.corp.amdocs.com/nexus3/repository/npm-all/has-flag/-/has-flag-4.0.0.tgz#944771fd9c81c81265c4d6941860da06bb59479b"
  integrity sha512-EykJT/Q1KjTWctppgIAgfSO0tKVuZUjhgMr17kqTumMl6Afv3EISleU7qZUzoXDFTAHTDC4NOoG/ZxU3EvlMPQ==

has@^1.0.3:
  version "1.0.3"
  resolved "https://uxp-yum.corp.amdocs.com/nexus3/repository/npm-all/has/-/has-1.0.3.tgz#6ee1ef576299dafd7e5103c8e2f096ba8502e92f"
  integrity sha512-p+9+K9APGQpFyxLRhnGoCPdgHlCWJvcHWmUAZS+rEqypk7YX4RAsVThS+aVuND4IGeXSi9V0asZ2yEGA78TDjw==
  dependencies:
    function-bind "^1.1.1"

inflight@^1.0.4:
  version "1.0.6"
  resolved "https://uxp-yum.corp.amdocs.com/nexus3/repository/npm-all/inflight/-/inflight-1.0.6.tgz#c5c50be262f3b097edaa03ac21895067cce184d5"
  integrity sha512-rQ2kN0rQqZ9RKfXCzN4QD127wEEDP4aJrOpuDGlcnjPTCYYmgajvaTnYX3i/hdTii0mxOIJAqRQ8DboE/b6CXQ==
  dependencies:
    once "^1.3.0"
    wrappy "1"

inherits@2:
  version "2.0.4"
  resolved "https://uxp-yum.corp.amdocs.com/nexus3/repository/npm-all/inherits/-/inherits-2.0.4.tgz#0fa2c64f932917c3433a0ded55363aae37416b7c"
  integrity sha512-k/vGaX4/Yla3WzyMCvTQOXYeIHvqOKtnqBduzTHpzpQZzAskKMhZ2K+EnBiSM9zGSoIFeMpXKxa4dYeZIQqewQ==

is-core-module@^2.8.1:
  version "2.9.0"
  resolved "https://uxp-yum.corp.amdocs.com/nexus3/repository/npm-all/is-core-module/-/is-core-module-2.9.0.tgz#e1c34429cd51c6dd9e09e0799e396e27b19a9c69"
  integrity sha512-+5FPy5PnwmO3lvfMb0AsoPaBG+5KHUI0wYFXOtYPnVVVspTFUuMZNfNaNVRt3FZadstu2c8x23vykRW/NBoU6A==
  dependencies:
    has "^1.0.3"

is-module@^1.0.0:
  version "1.0.0"
  resolved "https://uxp-yum.corp.amdocs.com/nexus3/repository/npm-all/is-module/-/is-module-1.0.0.tgz#3258fb69f78c14d5b815d664336b4cffb6441591"
  integrity sha1-Mlj7afeMFNW4FdZkM2tM/7ZEFZE=

is-reference@^1.2.1:
  version "1.2.1"
  resolved "https://uxp-yum.corp.amdocs.com/nexus3/repository/npm-all/is-reference/-/is-reference-1.2.1.tgz#8b2dac0b371f4bc994fdeaba9eb542d03002d0b7"
  integrity sha512-U82MsXXiFIrjCK4otLT+o2NA2Cd2g5MLoOVXUZjIOhLurrRxpEXzI8O0KZHr3IjLvlAH1kTPYSuqer5T9ZVBKQ==
  dependencies:
    "@types/estree" "*"

isomorphic-unfetch@^3.1.0:
  version "3.1.0"
  resolved "https://uxp-yum.corp.amdocs.com/nexus3/repository/npm-all/isomorphic-unfetch/-/isomorphic-unfetch-3.1.0.tgz#87341d5f4f7b63843d468438128cb087b7c3e98f"
  integrity sha512-geDJjpoZ8N0kWexiwkX8F9NkTsXhetLPVbZFQ+JTW239QNOwvB0gniuR1Wc6f0AMTn7/mFGyXvHTifrCp/GH8Q==
  dependencies:
    node-fetch "^2.6.1"
    unfetch "^4.2.0"

jest-worker@^26.2.1:
  version "26.6.2"
  resolved "https://uxp-yum.corp.amdocs.com/nexus3/repository/npm-all/jest-worker/-/jest-worker-26.6.2.tgz#7f72cbc4d643c365e27b9fd775f9d0eaa9c7a8ed"
  integrity sha512-KWYVV1c4i+jbMpaBC+U++4Va0cp8OisU185o73T1vo99hqi7w8tSJfUXYswwqqrjzwxa6KpRK54WhPvwf5w6PQ==
  dependencies:
    "@types/node" "*"
    merge-stream "^2.0.0"
    supports-color "^7.0.0"

jotai@^1.6.0:
  version "1.6.5"
  resolved "https://uxp-yum.corp.amdocs.com/nexus3/repository/npm-all/jotai/-/jotai-1.6.5.tgz#989efe63dc65beea23b3a5eab56f689d78e38070"
  integrity sha512-B+DGV5ALIkIeyA1Bi9yBpdGmcWkmDS/p8C1XFYx9jFBs+lkeOdu0WAozAPCG4Qq1EcQ68vF+07HmPYFN5kf9OQ==

"js-tokens@^3.0.0 || ^4.0.0", js-tokens@^4.0.0:
  version "4.0.0"
  resolved "https://uxp-yum.corp.amdocs.com/nexus3/repository/npm-all/js-tokens/-/js-tokens-4.0.0.tgz#388bb97defd38db88aeef1ea16df283f123604e9"
  integrity sha512-F450Cnq92cx2XcsJIy6IlbCRn7Fvy6gTv8mPl5TAP8nh3bIAqzehys2u0xm/S2m1FvwBaL+tmLOk2fcIlIs3sw==

lodash.sortby@^4.7.0:
  version "4.7.0"
  resolved "https://uxp-yum.corp.amdocs.com/nexus3/repository/npm-all/lodash.sortby/-/lodash.sortby-4.7.0.tgz#edd14c824e2cc9c1e0b0a1b42bb5210516a42438"
  integrity sha1-7dFMgk4sycHgsKG0K7UhBRakJDg=

loose-envify@^1.1.0:
  version "1.4.0"
  resolved "https://uxp-yum.corp.amdocs.com/nexus3/repository/npm-all/loose-envify/-/loose-envify-1.4.0.tgz#3d392e5d125ff3c0632ca1128bb17c6bf9641ff8"
  integrity sha512-idlDO0iZfCyKx/v9HH5WNu3j9vE6lbHORZzT0QPgFZl9Tn01RZQcyX43dIqALqKT8OoJxomonqrgUdHqz4SEMQ==
  dependencies:
    js-tokens "^3.0.0 || ^4.0.0"

magic-string@^0.25.7:
  version "0.25.9"
  resolved "https://uxp-yum.corp.amdocs.com/nexus3/repository/npm-all/magic-string/-/magic-string-0.25.9.tgz#de7f9faf91ef8a1c91d02c2e5314c8277dbcdd1c"
  integrity sha512-RmF0AsMzgt25qzqqLc1+MbHmhdx0ojF2Fvs4XnOqz2ZOBXzzkEwc/dJQZCYHAn7v1jbVOjAZfK8msRn4BxO4VQ==
  dependencies:
    sourcemap-codec "^1.4.8"

magic-string@^0.26.1:
  version "0.26.1"
  resolved "https://uxp-yum.corp.amdocs.com/nexus3/repository/npm-all/magic-string/-/magic-string-0.26.1.tgz#ba9b651354fa9512474199acecf9c6dbe93f97fd"
  integrity sha512-ndThHmvgtieXe8J/VGPjG+Apu7v7ItcD5mhEIvOscWjPF/ccOiLxHaSuCAS2G+3x4GKsAbT8u7zdyamupui8Tg==
  dependencies:
    sourcemap-codec "^1.4.8"

merge-stream@^2.0.0:
  version "2.0.0"
  resolved "https://uxp-yum.corp.amdocs.com/nexus3/repository/npm-all/merge-stream/-/merge-stream-2.0.0.tgz#52823629a14dd00c9770fb6ad47dc6310f2c1f60"
  integrity sha512-abv/qOcuPfk3URPfDzmZU1LKmuw8kT+0nIHvKrKgFrwifol/doWcdA4ZqsWQ8ENrFKkd67Mfpo/LovbIUsbt3w==

minimatch@^3.0.4:
  version "3.1.2"
  resolved "https://uxp-yum.corp.amdocs.com/nexus3/repository/npm-all/minimatch/-/minimatch-3.1.2.tgz#19cd194bfd3e428f049a70817c038d89ab4be35b"
  integrity sha512-J7p63hRiAjw1NDEww1W7i37+ByIrOWO5XQQAzZ3VOcL0PNybwpfmV/N05zFAzwQ9USyEcX6t3UO+K5aqBQOIHw==
  dependencies:
    brace-expansion "^1.1.7"

node-fetch@^2.6.1:
  version "2.6.7"
  resolved "https://uxp-yum.corp.amdocs.com/nexus3/repository/npm-all/node-fetch/-/node-fetch-2.6.7.tgz#24de9fba827e3b4ae44dc8b20256a379160052ad"
  integrity sha512-ZjMPFEfVx5j+y2yF35Kzx5sF7kDzxuDj6ziH4FFbOp87zKDZNx8yExJIb05OGF4Nlt9IHFIMBkRl41VdvcNdbQ==
  dependencies:
    whatwg-url "^5.0.0"

object-assign@^4.1.1:
  version "4.1.1"
  resolved "https://uxp-yum.corp.amdocs.com/nexus3/repository/npm-all/object-assign/-/object-assign-4.1.1.tgz#e36660d2b5f971a11ef2c571b9d57a16ef576d9b"
  integrity sha512-l27Ypv6wTXWEy46gy3HeF6PDHQ1QK6cmIVP1gUUffIYz1NrA6CG1yhtbLclDVEs1mAk+scdOVQG9VyZEB1U1Ew==

once@^1.3.0:
  version "1.4.0"
  resolved "https://uxp-yum.corp.amdocs.com/nexus3/repository/npm-all/once/-/once-1.4.0.tgz#75ebed8617c110da37e5c9d014263c2d780ba66c"
  integrity sha512-CXjqzJ4B6HOvLATJr330/vXVA+rDCJaMIXga9tDMwrHKO5vFvBLoxFX4lB4Uzj1z39En2MpGKkWLzH3AVDK4+A==
  dependencies:
    wrappy "1"

path-is-absolute@^1.0.0:
  version "1.0.1"
  resolved "https://uxp-yum.corp.amdocs.com/nexus3/repository/npm-all/path-is-absolute/-/path-is-absolute-1.0.1.tgz#878ae1d94e49168af8355e5c6b70bc02266d07f5"
  integrity sha512-ysFSb90Kn+eNwPNCQ/f4Djpwj0HCrvI0VbfheDw/unJCIXJNBK3cIXLMrQVGdxddMEaaY4CXmwB1Tz0YqByyNg==

path-parse@^1.0.7:
  version "1.0.7"
  resolved "https://uxp-yum.corp.amdocs.com/nexus3/repository/npm-all/path-parse/-/path-parse-1.0.7.tgz#fbc114b60ca42b30d9daf5858e4bd68bbedb6735"
  integrity sha512-LDJzPVEEEPR+y48z93A0Ed0yXb8pAByGWo/k5YYdYgpY2/2EsOsksJrq7lOHxryrVOn1ejG6oAp8ahvOIQD8sw==

picomatch@^2.2.2:
  version "2.3.1"
  resolved "https://uxp-yum.corp.amdocs.com/nexus3/repository/npm-all/picomatch/-/picomatch-2.3.1.tgz#3ba3833733646d9d3e4995946c1365a67fb07a42"
  integrity sha512-JU3teHTNjmE2VCGFzuY8EXzCDVwEqB2a8fsIvwaStHhAWJEeVd1o1QD80CU6+ZdEXXSLbSsuLwJjkCBWqRQUVA==

punycode@^2.1.0:
  version "2.1.1"
  resolved "https://uxp-yum.corp.amdocs.com/nexus3/repository/npm-all/punycode/-/punycode-2.1.1.tgz#b58b010ac40c22c5657616c8d2c2c02c7bf479ec"
  integrity sha512-XRsRjdf+j5ml+y/6GKHPZbrF/8p2Yga0JPtdqTIY2Xe5ohJPD9saDJJLPvp9+NSBprVvevdXZybnj2cv8OEd0A==

randombytes@^2.1.0:
  version "2.1.0"
  resolved "https://uxp-yum.corp.amdocs.com/nexus3/repository/npm-all/randombytes/-/randombytes-2.1.0.tgz#df6f84372f0270dc65cdf6291349ab7a473d4f2a"
  integrity sha512-vYl3iOX+4CKUWuxGi9Ukhie6fsqXqS9FE2Zaic4tNFD2N2QQaXOMFbuKK4QmDHC0JO6B1Zp41J0LpT0oR68amQ==
  dependencies:
    safe-buffer "^5.1.0"

react@^17.0.2:
  version "17.0.2"
  resolved "https://uxp-yum.corp.amdocs.com/nexus3/repository/npm-all/react/-/react-17.0.2.tgz#d0b5cc516d29eb3eee383f75b62864cfb6800037"
  integrity sha512-gnhPt75i/dq/z3/6q/0asP78D0u592D5L1pd7M8P+dck6Fu/jJeL6iVVK23fptSUZj8Vjf++7wXA8UNclGQcbA==
  dependencies:
    loose-envify "^1.1.0"
    object-assign "^4.1.1"

resolve@^1.17.0, resolve@^1.19.0:
  version "1.22.0"
  resolved "https://uxp-yum.corp.amdocs.com/nexus3/repository/npm-all/resolve/-/resolve-1.22.0.tgz#5e0b8c67c15df57a89bdbabe603a002f21731198"
  integrity sha512-Hhtrw0nLeSrFQ7phPp4OOcVjLPIeMnRlr5mcnVuMe7M/7eBn98A3hmFRLoFo3DLZkivSYwhRUJTyPyWAk56WLw==
  dependencies:
    is-core-module "^2.8.1"
    path-parse "^1.0.7"
    supports-preserve-symlinks-flag "^1.0.0"

rollup-plugin-dts@^4.2.1:
  version "4.2.1"
  resolved "https://uxp-yum.corp.amdocs.com/nexus3/repository/npm-all/rollup-plugin-dts/-/rollup-plugin-dts-4.2.1.tgz#c17968a0f7c5ae70a9e0ab37e715f3ef63da01c7"
  integrity sha512-eaxQZNUJ5iQcxNGlpJ1CUgG4OSVqWjDZ3nNSWBIoGrpcote2aNphSe1RJOaSYkb8dwn3o+rYm1vvld/5z3EGSQ==
  dependencies:
    magic-string "^0.26.1"
  optionalDependencies:
    "@babel/code-frame" "^7.16.7"

rollup-plugin-peer-deps-external@^2.2.4:
  version "2.2.4"
  resolved "https://uxp-yum.corp.amdocs.com/nexus3/repository/npm-all/rollup-plugin-peer-deps-external/-/rollup-plugin-peer-deps-external-2.2.4.tgz#8a420bbfd6dccc30aeb68c9bf57011f2f109570d"
  integrity sha512-AWdukIM1+k5JDdAqV/Cxd+nejvno2FVLVeZ74NKggm3Q5s9cbbcOgUPGdbxPi4BXu7xGaZ8HG12F+thImYu/0g==

rollup-plugin-terser@^7.0.2:
  version "7.0.2"
  resolved "https://uxp-yum.corp.amdocs.com/nexus3/repository/npm-all/rollup-plugin-terser/-/rollup-plugin-terser-7.0.2.tgz#e8fbba4869981b2dc35ae7e8a502d5c6c04d324d"
  integrity sha512-w3iIaU4OxcF52UUXiZNsNeuXIMDvFrr+ZXK6bFZ0Q60qyVfq4uLptoS4bbq3paG3x216eQllFZX7zt6TIImguQ==
  dependencies:
    "@babel/code-frame" "^7.10.4"
    jest-worker "^26.2.1"
    serialize-javascript "^4.0.0"
    terser "^5.0.0"

rollup@^2.70.2:
  version "2.70.2"
  resolved "https://uxp-yum.corp.amdocs.com/nexus3/repository/npm-all/rollup/-/rollup-2.70.2.tgz#808d206a8851628a065097b7ba2053bd83ba0c0d"
  integrity sha512-EitogNZnfku65I1DD5Mxe8JYRUCy0hkK5X84IlDtUs+O6JRMpRciXTzyCUuX11b5L5pvjH+OmFXiQ3XjabcXgg==
  optionalDependencies:
    fsevents "~2.3.2"

safe-buffer@^5.1.0:
  version "5.2.1"
  resolved "https://uxp-yum.corp.amdocs.com/nexus3/repository/npm-all/safe-buffer/-/safe-buffer-5.2.1.tgz#1eaf9fa9bdb1fdd4ec75f58f9cdb4e6b7827eec6"
  integrity sha512-rp3So07KcdmmKbGvgaNxQSJr7bGVSVk5S9Eq1F+ppbRo70+YeaDxkw5Dd8NPN+GD6bjnYm2VuPuCXmpuYvmCXQ==

serialize-javascript@^4.0.0:
  version "4.0.0"
  resolved "https://uxp-yum.corp.amdocs.com/nexus3/repository/npm-all/serialize-javascript/-/serialize-javascript-4.0.0.tgz#b525e1238489a5ecfc42afacc3fe99e666f4b1aa"
  integrity sha512-GaNA54380uFefWghODBWEGisLZFj00nS5ACs6yHa9nLqlLpVLO8ChDGeKRjZnV4Nh4n0Qi7nhYZD/9fCPzEqkw==
  dependencies:
    randombytes "^2.1.0"

source-map-support@~0.5.20:
  version "0.5.21"
  resolved "https://uxp-yum.corp.amdocs.com/nexus3/repository/npm-all/source-map-support/-/source-map-support-0.5.21.tgz#04fe7c7f9e1ed2d662233c28cb2b35b9f63f6e4f"
  integrity sha512-uBHU3L3czsIyYXKX88fdrGovxdSCoTGDRZ6SYXtSRxLZUzHg5P/66Ht6uoUlHu9EZod+inXhKo3qQgwXUT/y1w==
  dependencies:
    buffer-from "^1.0.0"
    source-map "^0.6.0"

source-map@^0.6.0:
  version "0.6.1"
  resolved "https://uxp-yum.corp.amdocs.com/nexus3/repository/npm-all/source-map/-/source-map-0.6.1.tgz#940d01e3fa39d13fdd1bd25bdc2e836b3d2b8330"
  integrity sha512-gwdNZ670MpB6Hlbp4TRNGbwVMchA8LOQi0n5gDAxfPikw4qBFsOpQNZsrhIgG2getGgurhWJu3zIKaGPth2hOg==

source-map@~0.8.0-beta.0:
  version "0.8.0-beta.0"
  resolved "https://uxp-yum.corp.amdocs.com/nexus3/repository/npm-all/source-map/-/source-map-0.8.0-beta.0.tgz#d4c1bb42c3f7ee925f005927ba10709e0d1d1f11"
  integrity sha512-2ymg6oRBpebeZi9UUNsgQ89bhx01TcTkmNTGnNO88imTmbSgy4nfujrgVEFKWpMTEGA11EDkTt7mqObTPdigIA==
  dependencies:
    whatwg-url "^7.0.0"

sourcemap-codec@^1.4.8:
  version "1.4.8"
  resolved "https://uxp-yum.corp.amdocs.com/nexus3/repository/npm-all/sourcemap-codec/-/sourcemap-codec-1.4.8.tgz#ea804bd94857402e6992d05a38ef1ae35a9ab4c4"
  integrity sha512-9NykojV5Uih4lgo5So5dtw+f0JgJX30KCNI8gwhz2J9A15wD0Ml6tjHKwf6fTSa6fAdVBdZeNOs9eJ71qCk8vA==

supports-color@^5.3.0:
  version "5.5.0"
  resolved "https://uxp-yum.corp.amdocs.com/nexus3/repository/npm-all/supports-color/-/supports-color-5.5.0.tgz#e2e69a44ac8772f78a1ec0b35b689df6530efc8f"
  integrity sha512-QjVjwdXIt408MIiAqCX4oUKsgU2EqAGzs2Ppkm4aQYbjm+ZEWEcW4SfFNTr4uMNZma0ey4f5lgLrkB0aX0QMow==
  dependencies:
    has-flag "^3.0.0"

supports-color@^7.0.0:
  version "7.2.0"
  resolved "https://uxp-yum.corp.amdocs.com/nexus3/repository/npm-all/supports-color/-/supports-color-7.2.0.tgz#1b7dcdcb32b8138801b3e478ba6a51caa89648da"
  integrity sha512-qpCAvRl9stuOHveKsn7HncJRvv501qIacKzQlO/+Lwxc9+0q2wLyv4Dfvt80/DPn2pqOBsJdDiogXGR9+OvwRw==
  dependencies:
    has-flag "^4.0.0"

supports-preserve-symlinks-flag@^1.0.0:
  version "1.0.0"
  resolved "https://uxp-yum.corp.amdocs.com/nexus3/repository/npm-all/supports-preserve-symlinks-flag/-/supports-preserve-symlinks-flag-1.0.0.tgz#6eda4bd344a3c94aea376d4cc31bc77311039e09"
  integrity sha512-ot0WnXS9fgdkgIcePe6RHNk1WA8+muPa6cSjeR3V8K27q9BB1rTE3R1p7Hv0z1ZyAc8s6Vvv8DIyWf681MAt0w==

terser@^5.0.0:
  version "5.13.1"
  resolved "https://uxp-yum.corp.amdocs.com/nexus3/repository/npm-all/terser/-/terser-5.13.1.tgz#66332cdc5a01b04a224c9fad449fc1a18eaa1799"
  integrity sha512-hn4WKOfwnwbYfe48NgrQjqNOH9jzLqRcIfbYytOXCOv46LBfWr9bDS17MQqOi+BWGD0sJK3Sj5NC/gJjiojaoA==
  dependencies:
    acorn "^8.5.0"
    commander "^2.20.0"
    source-map "~0.8.0-beta.0"
    source-map-support "~0.5.20"

tr46@^1.0.1:
  version "1.0.1"
  resolved "https://uxp-yum.corp.amdocs.com/nexus3/repository/npm-all/tr46/-/tr46-1.0.1.tgz#a8b13fd6bfd2489519674ccde55ba3693b706d09"
  integrity sha1-qLE/1r/SSJUZZ0zN5VujaTtwbQk=
  dependencies:
    punycode "^2.1.0"

tr46@~0.0.3:
  version "0.0.3"
  resolved "https://uxp-yum.corp.amdocs.com/nexus3/repository/npm-all/tr46/-/tr46-0.0.3.tgz#8184fd347dac9cdc185992f3a6622e14b9d9ab6a"
  integrity sha1-gYT9NH2snNwYWZLzpmIuFLnZq2o=

tslib@^2.4.0:
  version "2.4.0"
  resolved "https://uxp-yum.corp.amdocs.com/nexus3/repository/npm-all/tslib/-/tslib-2.4.0.tgz#7cecaa7f073ce680a05847aa77be941098f36dc3"
  integrity sha512-d6xOpEDfsi2CZVlPQzGeux8XMwLT9hssAsaPYExaQMuYskwb+x1x7J371tWlbBdWHroy99KnVB6qIkUbs5X3UQ==

typescript@^4.5.4:
  version "4.6.3"
  resolved "https://uxp-yum.corp.amdocs.com/nexus3/repository/npm-all/typescript/-/typescript-4.6.3.tgz#eefeafa6afdd31d725584c67a0eaba80f6fc6c6c"
  integrity sha512-yNIatDa5iaofVozS/uQJEl3JRWLKKGJKh6Yaiv0GLGSuhpFJe7P3SbHZ8/yjAHRQwKRoA6YZqlfjXWmVzoVSMw==

unfetch@^4.2.0:
  version "4.2.0"
  resolved "https://uxp-yum.corp.amdocs.com/nexus3/repository/npm-all/unfetch/-/unfetch-4.2.0.tgz#7e21b0ef7d363d8d9af0fb929a5555f6ef97a3be"
  integrity sha512-F9p7yYCn6cIW9El1zi0HI6vqpeIvBsr3dSuRO6Xuppb1u5rXpCPmMvLSyECLhybr9isec8Ohl0hPekMVrEinDA==

webidl-conversions@^3.0.0:
  version "3.0.1"
  resolved "https://uxp-yum.corp.amdocs.com/nexus3/repository/npm-all/webidl-conversions/-/webidl-conversions-3.0.1.tgz#24534275e2a7bc6be7bc86611cc16ae0a5654871"
  integrity sha1-JFNCdeKnvGvnvIZhHMFq4KVlSHE=

webidl-conversions@^4.0.2:
  version "4.0.2"
  resolved "https://uxp-yum.corp.amdocs.com/nexus3/repository/npm-all/webidl-conversions/-/webidl-conversions-4.0.2.tgz#a855980b1f0b6b359ba1d5d9fb39ae941faa63ad"
  integrity sha512-YQ+BmxuTgd6UXZW3+ICGfyqRyHXVlD5GtQr5+qjiNW7bF0cqrzX500HVXPBOvgXb5YnzDd+h0zqyv61KUD7+Sg==

whatwg-url@^5.0.0:
  version "5.0.0"
  resolved "https://uxp-yum.corp.amdocs.com/nexus3/repository/npm-all/whatwg-url/-/whatwg-url-5.0.0.tgz#966454e8765462e37644d3626f6742ce8b70965d"
  integrity sha1-lmRU6HZUYuN2RNNib2dCzotwll0=
  dependencies:
    tr46 "~0.0.3"
    webidl-conversions "^3.0.0"

whatwg-url@^7.0.0:
  version "7.1.0"
  resolved "https://uxp-yum.corp.amdocs.com/nexus3/repository/npm-all/whatwg-url/-/whatwg-url-7.1.0.tgz#c2c492f1eca612988efd3d2266be1b9fc6170d06"
  integrity sha512-WUu7Rg1DroM7oQvGWfOiAK21n74Gg+T4elXEQYkOhtyLeWiJFoOGLXPKI/9gzIie9CtwVLm8wtw6YJdKyxSjeg==
  dependencies:
    lodash.sortby "^4.7.0"
    tr46 "^1.0.1"
    webidl-conversions "^4.0.2"

wrappy@1:
  version "1.0.2"
  resolved "https://uxp-yum.corp.amdocs.com/nexus3/repository/npm-all/wrappy/-/wrappy-1.0.2.tgz#d6c86851e398af3f301b1dbe3803cf3303d4a95e"
  integrity sha512-YcJ17noV9DrUR8oU5H3fkBnGI5uFZwqnwfgjDCQzupR3vNIZ/mo6IuE2DseViBqFLnfPappa5g7u3VjjckSBZw==
