# THIS IS AN AUTOGENERATED FILE. DO NOT EDIT THIS FILE DIRECTLY.
# yarn lockfile v1


"@plusauth/plusauth-oidc-client-js@^0.12.0":
  version "0.12.0"
  resolved "https://uxp-yum.corp.amdocs.com/nexus3/repository/npm-all/@plusauth/plusauth-oidc-client-js/-/plusauth-oidc-client-js-0.12.0.tgz#8249ff7ae4f1422900e6315635181779e32b3ccd"
  integrity sha512-4/LOCl/fEhjfCfQ80K3zvEhfYqF28T8ibf8usJfm63GXe6fRT+S4YWL2cYfV9WpAlSRq0oT9h3bL1+7Hpm0Rxw==
  dependencies:
    base64-js "^1.5.1"
    isomorphic-unfetch "^3.1.0"

"@types/node@^17.0.18":
  version "17.0.29"
  resolved "https://uxp-yum.corp.amdocs.com/nexus3/repository/npm-all/@types/node/-/node-17.0.29.tgz#7f2e1159231d4a077bb660edab0fde373e375a3d"
  integrity sha512-tx5jMmMFwx7wBwq/V7OohKDVb/JwJU5qCVkeLMh1//xycAJ/ESuw9aJ9SEtlCZDYi2pBfe4JkisSoAtbOsBNAA==

"@types/prop-types@*":
  version "15.7.5"
  resolved "https://uxp-yum.corp.amdocs.com/nexus3/repository/npm-all/@types/prop-types/-/prop-types-15.7.5.tgz#5f19d2b85a98e9558036f6a3cacc8819420f05cf"
  integrity sha512-JCB8C6SnDoQf0cNycqd/35A7MjcnK+ZTqE7judS6o7utxUCg6imJg3QK2qzHKszlTjcj2cn+NwMB2i96ubpj7w==

"@types/react@^17.0.33":
  version "17.0.44"
  resolved "https://uxp-yum.corp.amdocs.com/nexus3/repository/npm-all/@types/react/-/react-17.0.44.tgz#c3714bd34dd551ab20b8015d9d0dbec812a51ec7"
  integrity sha512-Ye0nlw09GeMp2Suh8qoOv0odfgCoowfM/9MG6WeRD60Gq9wS90bdkdRtYbRkNhXOpG4H+YXGvj4wOWhAC0LJ1g==
  dependencies:
    "@types/prop-types" "*"
    "@types/scheduler" "*"
    csstype "^3.0.2"

"@types/scheduler@*":
  version "0.16.2"
  resolved "https://uxp-yum.corp.amdocs.com/nexus3/repository/npm-all/@types/scheduler/-/scheduler-0.16.2.tgz#1a62f89525723dde24ba1b01b092bf5df8ad4d39"
  integrity sha512-hppQEBDmlwhFAXKJX2KnWLYu5yMfi91yazPb2l+lbJiwW+wdo1gNeRA+3RgNSO39WYX2euey41KEwnqesU2Jew==

base64-js@^1.5.1:
  version "1.5.1"
  resolved "https://uxp-yum.corp.amdocs.com/nexus3/repository/npm-all/base64-js/-/base64-js-1.5.1.tgz#1b1b440160a5bf7ad40b650f095963481903930a"
  integrity sha512-AKpaYlHn8t4SVbOHCy+b5+KKgvR4vrsD8vbvrbiQJps7fKDTkjkDry6ji0rUJjC0kzbNePLwzxq8iypo41qeWA==

csstype@^3.0.2:
  version "3.0.11"
  resolved "https://uxp-yum.corp.amdocs.com/nexus3/repository/npm-all/csstype/-/csstype-3.0.11.tgz#d66700c5eacfac1940deb4e3ee5642792d85cd33"
  integrity sha512-sa6P2wJ+CAbgyy4KFssIb/JNMLxFvKF1pCYCSXS8ZMuqZnMsrxqI2E5sPyoTpxoPU/gVZMzr2zjOfg8GIZOMsw==

isomorphic-unfetch@^3.1.0:
  version "3.1.0"
  resolved "https://uxp-yum.corp.amdocs.com/nexus3/repository/npm-all/isomorphic-unfetch/-/isomorphic-unfetch-3.1.0.tgz#87341d5f4f7b63843d468438128cb087b7c3e98f"
  integrity sha512-geDJjpoZ8N0kWexiwkX8F9NkTsXhetLPVbZFQ+JTW239QNOwvB0gniuR1Wc6f0AMTn7/mFGyXvHTifrCp/GH8Q==
  dependencies:
    node-fetch "^2.6.1"
    unfetch "^4.2.0"

jotai@^1.6.0:
  version "1.6.5"
  resolved "https://uxp-yum.corp.amdocs.com/nexus3/repository/npm-all/jotai/-/jotai-1.6.5.tgz#989efe63dc65beea23b3a5eab56f689d78e38070"
  integrity sha512-B+DGV5ALIkIeyA1Bi9yBpdGmcWkmDS/p8C1XFYx9jFBs+lkeOdu0WAozAPCG4Qq1EcQ68vF+07HmPYFN5kf9OQ==

"js-tokens@^3.0.0 || ^4.0.0":
  version "4.0.0"
  resolved "https://uxp-yum.corp.amdocs.com/nexus3/repository/npm-all/js-tokens/-/js-tokens-4.0.0.tgz#388bb97defd38db88aeef1ea16df283f123604e9"
  integrity sha512-F450Cnq92cx2XcsJIy6IlbCRn7Fvy6gTv8mPl5TAP8nh3bIAqzehys2u0xm/S2m1FvwBaL+tmLOk2fcIlIs3sw==

loose-envify@^1.1.0:
  version "1.4.0"
  resolved "https://uxp-yum.corp.amdocs.com/nexus3/repository/npm-all/loose-envify/-/loose-envify-1.4.0.tgz#3d392e5d125ff3c0632ca1128bb17c6bf9641ff8"
  integrity sha512-idlDO0iZfCyKx/v9HH5WNu3j9vE6lbHORZzT0QPgFZl9Tn01RZQcyX43dIqALqKT8OoJxomonqrgUdHqz4SEMQ==
  dependencies:
    js-tokens "^3.0.0 || ^4.0.0"

node-fetch@^2.6.1:
  version "2.6.7"
  resolved "https://uxp-yum.corp.amdocs.com/nexus3/repository/npm-all/node-fetch/-/node-fetch-2.6.7.tgz#24de9fba827e3b4ae44dc8b20256a379160052ad"
  integrity sha512-ZjMPFEfVx5j+y2yF35Kzx5sF7kDzxuDj6ziH4FFbOp87zKDZNx8yExJIb05OGF4Nlt9IHFIMBkRl41VdvcNdbQ==
  dependencies:
    whatwg-url "^5.0.0"

object-assign@^4.1.1:
  version "4.1.1"
  resolved "https://uxp-yum.corp.amdocs.com/nexus3/repository/npm-all/object-assign/-/object-assign-4.1.1.tgz#e36660d2b5f971a11ef2c571b9d57a16ef576d9b"
  integrity sha512-l27Ypv6wTXWEy46gy3HeF6PDHQ1QK6cmIVP1gUUffIYz1NrA6CG1yhtbLclDVEs1mAk+scdOVQG9VyZEB1U1Ew==

react@^17.0.2:
  version "17.0.2"
  resolved "https://uxp-yum.corp.amdocs.com/nexus3/repository/npm-all/react/-/react-17.0.2.tgz#d0b5cc516d29eb3eee383f75b62864cfb6800037"
  integrity sha512-gnhPt75i/dq/z3/6q/0asP78D0u592D5L1pd7M8P+dck6Fu/jJeL6iVVK23fptSUZj8Vjf++7wXA8UNclGQcbA==
  dependencies:
    loose-envify "^1.1.0"
    object-assign "^4.1.1"

tr46@~0.0.3:
  version "0.0.3"
  resolved "https://uxp-yum.corp.amdocs.com/nexus3/repository/npm-all/tr46/-/tr46-0.0.3.tgz#8184fd347dac9cdc185992f3a6622e14b9d9ab6a"
  integrity sha1-gYT9NH2snNwYWZLzpmIuFLnZq2o=

typescript@^4.5.4:
  version "4.6.3"
  resolved "https://uxp-yum.corp.amdocs.com/nexus3/repository/npm-all/typescript/-/typescript-4.6.3.tgz#eefeafa6afdd31d725584c67a0eaba80f6fc6c6c"
  integrity sha512-yNIatDa5iaofVozS/uQJEl3JRWLKKGJKh6Yaiv0GLGSuhpFJe7P3SbHZ8/yjAHRQwKRoA6YZqlfjXWmVzoVSMw==

unfetch@^4.2.0:
  version "4.2.0"
  resolved "https://uxp-yum.corp.amdocs.com/nexus3/repository/npm-all/unfetch/-/unfetch-4.2.0.tgz#7e21b0ef7d363d8d9af0fb929a5555f6ef97a3be"
  integrity sha512-F9p7yYCn6cIW9El1zi0HI6vqpeIvBsr3dSuRO6Xuppb1u5rXpCPmMvLSyECLhybr9isec8Ohl0hPekMVrEinDA==

webidl-conversions@^3.0.0:
  version "3.0.1"
  resolved "https://uxp-yum.corp.amdocs.com/nexus3/repository/npm-all/webidl-conversions/-/webidl-conversions-3.0.1.tgz#24534275e2a7bc6be7bc86611cc16ae0a5654871"
  integrity sha1-JFNCdeKnvGvnvIZhHMFq4KVlSHE=

whatwg-url@^5.0.0:
  version "5.0.0"
  resolved "https://uxp-yum.corp.amdocs.com/nexus3/repository/npm-all/whatwg-url/-/whatwg-url-5.0.0.tgz#966454e8765462e37644d3626f6742ce8b70965d"
  integrity sha1-lmRU6HZUYuN2RNNib2dCzotwll0=
  dependencies:
    tr46 "~0.0.3"
    webidl-conversions "^3.0.0"
